[[package]]
name = "aiofiles"
version = "0.4.0"
description = "File support for asyncio."
category = "main"
optional = true
python-versions = "*"

[[package]]
name = "atomicwrites"
version = "1.3.0"
description = "Atomic file writes."
category = "dev"
optional = false
python-versions = ">=2.7, !=3.0.*, !=3.1.*, !=3.2.*, !=3.3.*"

[[package]]
name = "attrs"
version = "19.1.0"
description = "Classes Without Boilerplate"
category = "dev"
optional = false
python-versions = ">=2.7, !=3.0.*, !=3.1.*, !=3.2.*, !=3.3.*"

[package.extras]
dev = ["coverage", "hypothesis", "pre-commit", "pympler", "pytest", "six", "sphinx", "zope.interface"]
docs = ["sphinx", "zope.interface"]
tests = ["coverage", "hypothesis", "pympler", "pytest", "six", "zope.interface"]

[[package]]
name = "colorama"
version = "0.4.1"
description = "Cross-platform colored terminal text."
category = "dev"
optional = false
python-versions = ">=2.7, !=3.0.*, !=3.1.*, !=3.2.*, !=3.3.*"

[[package]]
name = "coverage"
version = "4.5.4"
description = "Code coverage measurement for Python"
category = "dev"
optional = false
python-versions = ">=2.6, !=3.0.*, !=3.1.*, !=3.2.*, <4"

[[package]]
name = "entrypoints"
version = "0.3"
description = "Discover and load entry points from installed packages."
category = "dev"
optional = false
python-versions = ">=2.7"

[[package]]
name = "filelock"
version = "3.0.12"
description = "A platform independent file lock."
category = "dev"
optional = false
python-versions = "*"

[[package]]
name = "flake8"
version = "3.7.8"
description = "the modular source code checker: pep8, pyflakes and co"
category = "dev"
optional = false
python-versions = ">=2.7, !=3.0.*, !=3.1.*, !=3.2.*, !=3.3.*"

[package.dependencies]
entrypoints = ">=0.3.0,<0.4.0"
mccabe = ">=0.6.0,<0.7.0"
pycodestyle = ">=2.5.0,<2.6.0"
pyflakes = ">=2.1.0,<2.2.0"

[[package]]
name = "importlib-metadata"
version = "0.19"
description = "Read metadata from Python packages"
category = "dev"
optional = false
python-versions = ">=2.7,!=3.0,!=3.1,!=3.2,!=3.3"

[package.dependencies]
zipp = ">=0.5"

[package.extras]
docs = ["rst.linker", "sphinx"]
testing = ["importlib-resources"]

[[package]]
name = "mccabe"
version = "0.6.1"
description = "McCabe checker, plugin for flake8"
category = "dev"
optional = false
python-versions = "*"

[[package]]
name = "more-itertools"
version = "7.2.0"
description = "More routines for operating on iterables, beyond itertools"
category = "dev"
optional = false
python-versions = ">=3.4"

[[package]]
name = "msgpack"
version = "0.6.1"
description = "MessagePack (de)serializer."
category = "main"
optional = true
python-versions = "*"

[[package]]
name = "packaging"
version = "19.1"
description = "Core utilities for Python packages"
category = "dev"
optional = false
python-versions = ">=2.7, !=3.0.*, !=3.1.*, !=3.2.*, !=3.3.*"

[package.dependencies]
attrs = "*"
pyparsing = ">=2.0.2"
six = "*"

[[package]]
name = "pathlib2"
version = "2.3.4"
description = "Object-oriented filesystem paths"
category = "dev"
optional = false
python-versions = "*"

[package.dependencies]
six = "*"

[[package]]
name = "pluggy"
version = "0.12.0"
description = "plugin and hook calling mechanisms for python"
category = "dev"
optional = false
python-versions = ">=2.7, !=3.0.*, !=3.1.*, !=3.2.*, !=3.3.*"

[package.dependencies]
importlib-metadata = ">=0.12"

[package.extras]
dev = ["pre-commit", "tox"]

[[package]]
name = "py"
version = "1.11.0"
description = "library with cross-python path, ini-parsing, io, code, log facilities"
category = "dev"
optional = false
python-versions = ">=2.7, !=3.0.*, !=3.1.*, !=3.2.*, !=3.3.*, !=3.4.*"

[[package]]
name = "pycodestyle"
version = "2.5.0"
description = "Python style guide checker"
category = "dev"
optional = false
python-versions = ">=2.7, !=3.0.*, !=3.1.*, !=3.2.*, !=3.3.*"

[[package]]
name = "pyflakes"
version = "2.1.1"
description = "passive checker of Python programs"
category = "dev"
optional = false
python-versions = ">=2.7, !=3.0.*, !=3.1.*, !=3.2.*, !=3.3.*"

[[package]]
name = "pyparsing"
version = "2.4.2"
description = "Python parsing module"
category = "dev"
optional = false
python-versions = ">=2.6, !=3.0.*, !=3.1.*, !=3.2.*"

[[package]]
name = "pytest"
version = "4.6.5"
description = "pytest: simple powerful testing with Python"
category = "dev"
optional = false
python-versions = ">=2.7, !=3.0.*, !=3.1.*, !=3.2.*, !=3.3.*"

[package.dependencies]
atomicwrites = ">=1.0"
attrs = ">=17.4.0"
colorama = {version = "*", markers = "sys_platform == \"win32\""}
importlib-metadata = ">=0.12"
more-itertools = {version = ">=4.0.0", markers = "python_version > \"2.7\""}
packaging = "*"
pathlib2 = {version = ">=2.2.0", markers = "python_version < \"3.6\""}
pluggy = ">=0.12,<1.0"
py = ">=1.5.0"
six = ">=1.10.0"
wcwidth = "*"

[package.extras]
testing = ["argcomplete", "hypothesis (>=3.56)", "mock", "nose", "requests"]

[[package]]
name = "pytest-cov"
version = "2.7.1"
description = "Pytest plugin for measuring coverage."
category = "dev"
optional = false
python-versions = ">=2.7, !=3.0.*, !=3.1.*, !=3.2.*, !=3.3.*"

[package.dependencies]
coverage = ">=4.4"
pytest = ">=3.6"

[package.extras]
testing = ["fields", "hunter", "process-tests (==2.0.2)", "six", "virtualenv"]

[[package]]
name = "python-rapidjson"
version = "0.7.2"
description = "Python wrapper around rapidjson"
category = "main"
optional = true
python-versions = ">=3.4"

[[package]]
name = "ruamel.yaml"
version = "0.15.100"
description = "ruamel.yaml is a YAML parser/emitter that supports roundtrip preservation of comments, seq/map flow style, and map key order"
category = "main"
optional = true
python-versions = "*"

[package.extras]
docs = ["ryd"]
jinja2 = ["ruamel.yaml.jinja2 (>=0.2)"]

[[package]]
name = "six"
version = "1.12.0"
description = "Python 2 and 3 compatibility utilities"
category = "dev"
optional = false
python-versions = ">=2.6, !=3.0.*, !=3.1.*"

[[package]]
name = "toml"
version = "0.10.0"
description = "Python Library for Tom's Obvious, Minimal Language"
category = "main"
optional = false
python-versions = "*"

[[package]]
name = "tox"
version = "3.13.2"
description = "tox is a generic virtualenv management and test command line tool"
category = "dev"
optional = false
python-versions = ">=2.7, !=3.0.*, !=3.1.*, !=3.2.*, !=3.3.*"

[package.dependencies]
filelock = ">=3.0.0,<4"
importlib-metadata = ">=0.12,<1"
packaging = ">=14"
pluggy = ">=0.12.0,<1"
py = ">=1.4.17,<2"
six = ">=1.0.0,<2"
toml = ">=0.9.4"
virtualenv = ">=14.0.0"

[package.extras]
docs = ["pygments-github-lexers (>=0.0.5)", "sphinx (>=2.0.0,<3)", "sphinxcontrib-autoprogram (>=0.1.5)", "towncrier (>=18.5.0)"]
testing = ["flaky (>=3.4.0,<4)", "freezegun (>=0.3.11,<1)", "pathlib2 (>=2.3.3,<3)", "psutil (>=5.6.1,<6)", "pytest (>=4.0.0,<6)", "pytest-cov (>=2.5.1,<3)", "pytest-mock (>=1.10.0,<2)", "pytest-randomly (>=1.2.3,<2)", "pytest-xdist (>=1.22.2,<2)"]

[[package]]
name = "virtualenv"
version = "16.7.2"
description = "Virtual Python Environment builder"
category = "dev"
optional = false
python-versions = ">=2.7, !=3.0.*, !=3.1.*, !=3.2.*, !=3.3.*"

[package.extras]
docs = ["sphinx (>=1.8.0,<2)", "sphinx-rtd-theme (>=0.4.2,<1)", "towncrier (>=18.5.0)"]
testing = ["coverage (>=4.5.0,<5)", "mock", "pypiserver", "pytest (>=4.0.0,<5)", "pytest-localserver", "pytest-timeout (>=1.3.0,<2)", "pytest-xdist", "six (>=1.10.0,<2)", "xonsh"]

[[package]]
name = "wcwidth"
version = "0.1.7"
description = "Measures number of Terminal column cells of wide-character codes"
category = "dev"
optional = false
python-versions = "*"

[[package]]
name = "zipp"
version = "0.5.2"
description = "Backport of pathlib-compatible object wrapper for zip files"
category = "dev"
optional = false
python-versions = ">=2.7"

[package.extras]
docs = ["jaraco.packaging (>=3.2)", "rst.linker (>=1.9)", "sphinx"]
testing = ["contextlib2", "pathlib2", "unittest2"]

[extras]
io = ["toml", "python-rapidjson", "msgpack", "ruamel.yaml", "aiofiles"]

[metadata]
lock-version = "1.1"
python-versions = "^3.5"
content-hash = "706744607fd93026efca72c323b9f11e373135f930feb4b2c017b1630739d817"

[metadata.files]
aiofiles = [
    {file = "aiofiles-0.4.0-py3-none-any.whl", hash = "sha256:1e644c2573f953664368de28d2aa4c89dfd64550429d0c27c4680ccd3aa4985d"},
    {file = "aiofiles-0.4.0.tar.gz", hash = "sha256:021ea0ba314a86027c166ecc4b4c07f2d40fc0f4b3a950d1868a0f2571c2bbee"},
]
atomicwrites = [
    {file = "atomicwrites-1.3.0-py2.py3-none-any.whl", hash = "sha256:03472c30eb2c5d1ba9227e4c2ca66ab8287fbfbbda3888aa93dc2e28fc6811b4"},
    {file = "atomicwrites-1.3.0.tar.gz", hash = "sha256:75a9445bac02d8d058d5e1fe689654ba5a6556a1dfd8ce6ec55a0ed79866cfa6"},
]
attrs = [
    {file = "attrs-19.1.0-py2.py3-none-any.whl", hash = "sha256:69c0dbf2ed392de1cb5ec704444b08a5ef81680a61cb899dc08127123af36a79"},
    {file = "attrs-19.1.0.tar.gz", hash = "sha256:f0b870f674851ecbfbbbd364d6b5cbdff9dcedbc7f3f5e18a6891057f21fe399"},
]
colorama = [
    {file = "colorama-0.4.1-py2.py3-none-any.whl", hash = "sha256:f8ac84de7840f5b9c4e3347b3c1eaa50f7e49c2b07596221daec5edaabbd7c48"},
    {file = "colorama-0.4.1.tar.gz", hash = "sha256:05eed71e2e327246ad6b38c540c4a3117230b19679b875190486ddd2d721422d"},
]
coverage = [
    {file = "coverage-4.5.4-cp26-cp26m-macosx_10_12_x86_64.whl", hash = "sha256:eee64c616adeff7db37cc37da4180a3a5b6177f5c46b187894e633f088fb5b28"},
    {file = "coverage-4.5.4-cp27-cp27m-macosx_10_12_x86_64.whl", hash = "sha256:ef824cad1f980d27f26166f86856efe11eff9912c4fed97d3804820d43fa550c"},
    {file = "coverage-4.5.4-cp27-cp27m-macosx_10_13_intel.whl", hash = "sha256:9a334d6c83dfeadae576b4d633a71620d40d1c379129d587faa42ee3e2a85cce"},
    {file = "coverage-4.5.4-cp27-cp27m-manylinux1_i686.whl", hash = "sha256:7494b0b0274c5072bddbfd5b4a6c6f18fbbe1ab1d22a41e99cd2d00c8f96ecfe"},
    {file = "coverage-4.5.4-cp27-cp27m-manylinux1_x86_64.whl", hash = "sha256:826f32b9547c8091679ff292a82aca9c7b9650f9fda3e2ca6bf2ac905b7ce888"},
    {file = "coverage-4.5.4-cp27-cp27m-win32.whl", hash = "sha256:63a9a5fc43b58735f65ed63d2cf43508f462dc49857da70b8980ad78d41d52fc"},
    {file = "coverage-4.5.4-cp27-cp27m-win_amd64.whl", hash = "sha256:e2ede7c1d45e65e209d6093b762e98e8318ddeff95317d07a27a2140b80cfd24"},
    {file = "coverage-4.5.4-cp27-cp27mu-manylinux1_i686.whl", hash = "sha256:dd579709a87092c6dbee09d1b7cfa81831040705ffa12a1b248935274aee0437"},
    {file = "coverage-4.5.4-cp27-cp27mu-manylinux1_x86_64.whl", hash = "sha256:08907593569fe59baca0bf152c43f3863201efb6113ecb38ce7e97ce339805a6"},
    {file = "coverage-4.5.4-cp33-cp33m-macosx_10_10_x86_64.whl", hash = "sha256:6b62544bb68106e3f00b21c8930e83e584fdca005d4fffd29bb39fb3ffa03cb5"},
    {file = "coverage-4.5.4-cp34-cp34m-macosx_10_12_x86_64.whl", hash = "sha256:331cb5115673a20fb131dadd22f5bcaf7677ef758741312bee4937d71a14b2ef"},
    {file = "coverage-4.5.4-cp34-cp34m-manylinux1_i686.whl", hash = "sha256:bf1ef9eb901113a9805287e090452c05547578eaab1b62e4ad456fcc049a9b7e"},
    {file = "coverage-4.5.4-cp34-cp34m-manylinux1_x86_64.whl", hash = "sha256:386e2e4090f0bc5df274e720105c342263423e77ee8826002dcffe0c9533dbca"},
    {file = "coverage-4.5.4-cp34-cp34m-win32.whl", hash = "sha256:fa964bae817babece5aa2e8c1af841bebb6d0b9add8e637548809d040443fee0"},
    {file = "coverage-4.5.4-cp34-cp34m-win_amd64.whl", hash = "sha256:df6712284b2e44a065097846488f66840445eb987eb81b3cc6e4149e7b6982e1"},
    {file = "coverage-4.5.4-cp35-cp35m-macosx_10_12_x86_64.whl", hash = "sha256:efc89291bd5a08855829a3c522df16d856455297cf35ae827a37edac45f466a7"},
    {file = "coverage-4.5.4-cp35-cp35m-manylinux1_i686.whl", hash = "sha256:e4ef9c164eb55123c62411f5936b5c2e521b12356037b6e1c2617cef45523d47"},
    {file = "coverage-4.5.4-cp35-cp35m-manylinux1_x86_64.whl", hash = "sha256:ff37757e068ae606659c28c3bd0d923f9d29a85de79bf25b2b34b148473b5025"},
    {file = "coverage-4.5.4-cp35-cp35m-win32.whl", hash = "sha256:bf0a7aed7f5521c7ca67febd57db473af4762b9622254291fbcbb8cd0ba5e33e"},
    {file = "coverage-4.5.4-cp35-cp35m-win_amd64.whl", hash = "sha256:19e4df788a0581238e9390c85a7a09af39c7b539b29f25c89209e6c3e371270d"},
    {file = "coverage-4.5.4-cp36-cp36m-macosx_10_13_x86_64.whl", hash = "sha256:60851187677b24c6085248f0a0b9b98d49cba7ecc7ec60ba6b9d2e5574ac1ee9"},
    {file = "coverage-4.5.4-cp36-cp36m-manylinux1_i686.whl", hash = "sha256:245388cda02af78276b479f299bbf3783ef0a6a6273037d7c60dc73b8d8d7755"},
    {file = "coverage-4.5.4-cp36-cp36m-manylinux1_x86_64.whl", hash = "sha256:c0afd27bc0e307a1ffc04ca5ec010a290e49e3afbe841c5cafc5c5a80ecd81c9"},
    {file = "coverage-4.5.4-cp36-cp36m-win32.whl", hash = "sha256:6ba744056423ef8d450cf627289166da65903885272055fb4b5e113137cfa14f"},
    {file = "coverage-4.5.4-cp36-cp36m-win_amd64.whl", hash = "sha256:af7ed8a8aa6957aac47b4268631fa1df984643f07ef00acd374e456364b373f5"},
    {file = "coverage-4.5.4-cp37-cp37m-macosx_10_13_x86_64.whl", hash = "sha256:3a794ce50daee01c74a494919d5ebdc23d58873747fa0e288318728533a3e1ca"},
    {file = "coverage-4.5.4-cp37-cp37m-manylinux1_i686.whl", hash = "sha256:0be0f1ed45fc0c185cfd4ecc19a1d6532d72f86a2bac9de7e24541febad72650"},
    {file = "coverage-4.5.4-cp37-cp37m-manylinux1_x86_64.whl", hash = "sha256:eca2b7343524e7ba246cab8ff00cab47a2d6d54ada3b02772e908a45675722e2"},
    {file = "coverage-4.5.4-cp37-cp37m-win32.whl", hash = "sha256:93715dffbcd0678057f947f496484e906bf9509f5c1c38fc9ba3922893cda5f5"},
    {file = "coverage-4.5.4-cp37-cp37m-win_amd64.whl", hash = "sha256:23cc09ed395b03424d1ae30dcc292615c1372bfba7141eb85e11e50efaa6b351"},
    {file = "coverage-4.5.4-cp38-cp38-macosx_10_13_x86_64.whl", hash = "sha256:141f08ed3c4b1847015e2cd62ec06d35e67a3ac185c26f7635f4406b90afa9c5"},
    {file = "coverage-4.5.4.tar.gz", hash = "sha256:e07d9f1a23e9e93ab5c62902833bf3e4b1f65502927379148b6622686223125c"},
]
entrypoints = [
    {file = "entrypoints-0.3-py2.py3-none-any.whl", hash = "sha256:589f874b313739ad35be6e0cd7efde2a4e9b6fea91edcc34e58ecbb8dbe56d19"},
    {file = "entrypoints-0.3.tar.gz", hash = "sha256:c70dd71abe5a8c85e55e12c19bd91ccfeec11a6e99044204511f9ed547d48451"},
]
filelock = [
    {file = "filelock-3.0.12-py3-none-any.whl", hash = "sha256:929b7d63ec5b7d6b71b0fa5ac14e030b3f70b75747cef1b10da9b879fef15836"},
    {file = "filelock-3.0.12.tar.gz", hash = "sha256:18d82244ee114f543149c66a6e0c14e9c4f8a1044b5cdaadd0f82159d6a6ff59"},
]
flake8 = [
    {file = "flake8-3.7.8-py2.py3-none-any.whl", hash = "sha256:8e9dfa3cecb2400b3738a42c54c3043e821682b9c840b0448c0503f781130696"},
    {file = "flake8-3.7.8.tar.gz", hash = "sha256:19241c1cbc971b9962473e4438a2ca19749a7dd002dd1a946eaba171b4114548"},
]
importlib-metadata = [
    {file = "importlib_metadata-0.19-py2.py3-none-any.whl", hash = "sha256:80d2de76188eabfbfcf27e6a37342c2827801e59c4cc14b0371c56fed43820e3"},
    {file = "importlib_metadata-0.19.tar.gz", hash = "sha256:23d3d873e008a513952355379d93cbcab874c58f4f034ff657c7a87422fa64e8"},
]
mccabe = [
    {file = "mccabe-0.6.1-py2.py3-none-any.whl", hash = "sha256:ab8a6258860da4b6677da4bd2fe5dc2c659cff31b3ee4f7f5d64e79735b80d42"},
    {file = "mccabe-0.6.1.tar.gz", hash = "sha256:dd8d182285a0fe56bace7f45b5e7d1a6ebcbf524e8f3bd87eb0f125271b8831f"},
]
more-itertools = [
    {file = "more-itertools-7.2.0.tar.gz", hash = "sha256:409cd48d4db7052af495b09dec721011634af3753ae1ef92d2b32f73a745f832"},
    {file = "more_itertools-7.2.0-py3-none-any.whl", hash = "sha256:92b8c4b06dac4f0611c0729b2f2ede52b2e1bac1ab48f089c7ddc12e26bb60c4"},
]
msgpack = [
    {file = "msgpack-0.6.1-cp27-cp27m-manylinux1_i686.whl", hash = "sha256:3129c355342853007de4a2a86e75eab966119733eb15748819b6554363d4e85c"},
    {file = "msgpack-0.6.1-cp27-cp27m-manylinux1_x86_64.whl", hash = "sha256:31f6d645ee5a97d59d3263fab9e6be76f69fa131cddc0d94091a3c8aca30d67a"},
    {file = "msgpack-0.6.1-cp27-cp27m-win32.whl", hash = "sha256:fd509d4aa95404ce8d86b4e32ce66d5d706fd6646c205e1c2a715d87078683a2"},
    {file = "msgpack-0.6.1-cp27-cp27m-win_amd64.whl", hash = "sha256:70cebfe08fb32f83051971264466eadf183101e335d8107b80002e632f425511"},
    {file = "msgpack-0.6.1-cp27-cp27mu-manylinux1_i686.whl", hash = "sha256:8e68c76c6aff4849089962d25346d6784d38e02baa23ffa513cf46be72e3a540"},
    {file = "msgpack-0.6.1-cp27-cp27mu-manylinux1_x86_64.whl", hash = "sha256:86b963a5de11336ec26bc4f839327673c9796b398b9f1fe6bb6150c2a5d00f0f"},
    {file = "msgpack-0.6.1-cp35-cp35m-manylinux1_i686.whl", hash = "sha256:72cb7cf85e9df5251abd7b61a1af1fb77add15f40fa7328e924a9c0b6bc7a533"},
    {file = "msgpack-0.6.1-cp35-cp35m-manylinux1_x86_64.whl", hash = "sha256:8c73c9bcdfb526247c5e4f4f6cf581b9bb86b388df82cfcaffde0a6e7bf3b43a"},
    {file = "msgpack-0.6.1-cp36-cp36m-manylinux1_i686.whl", hash = "sha256:26cb40116111c232bc235ce131cc3b4e76549088cb154e66a2eb8ff6fcc907ec"},
    {file = "msgpack-0.6.1-cp36-cp36m-manylinux1_x86_64.whl", hash = "sha256:62bd8e43d204580308d477a157b78d3fee2fb4c15d32578108dc5d89866036c8"},
    {file = "msgpack-0.6.1-cp36-cp36m-win32.whl", hash = "sha256:a28e69fe5468c9f5251c7e4e7232286d71b7dfadc74f312006ebe984433e9746"},
    {file = "msgpack-0.6.1-cp36-cp36m-win_amd64.whl", hash = "sha256:97ac6b867a8f63debc64f44efdc695109d541ecc361ee2dce2c8884ab37360a1"},
    {file = "msgpack-0.6.1-cp37-cp37m-manylinux1_i686.whl", hash = "sha256:3ce7ef7ee2546c3903ca8c934d09250531b80c6127e6478781ae31ed835aac4c"},
    {file = "msgpack-0.6.1-cp37-cp37m-manylinux1_x86_64.whl", hash = "sha256:7c55649965c35eb32c499d17dadfb8f53358b961582846e1bc06f66b9bccc556"},
    {file = "msgpack-0.6.1-cp37-cp37m-win32.whl", hash = "sha256:9d4f546af72aa001241d74a79caec278bcc007b4bcde4099994732e98012c858"},
    {file = "msgpack-0.6.1-cp37-cp37m-win_amd64.whl", hash = "sha256:300fd3f2c664a3bf473d6a952f843b4a71454f4c592ed7e74a36b205c1782d28"},
    {file = "msgpack-0.6.1.tar.gz", hash = "sha256:4008c72f5ef2b7936447dcb83db41d97e9791c83221be13d5e19db0796df1972"},
]
packaging = [
    {file = "packaging-19.1-py2.py3-none-any.whl", hash = "sha256:a7ac867b97fdc07ee80a8058fe4435ccd274ecc3b0ed61d852d7d53055528cf9"},
    {file = "packaging-19.1.tar.gz", hash = "sha256:c491ca87294da7cc01902edbe30a5bc6c4c28172b5138ab4e4aa1b9d7bfaeafe"},
]
pathlib2 = [
    {file = "pathlib2-2.3.4-py2.py3-none-any.whl", hash = "sha256:2156525d6576d21c4dcaddfa427fae887ef89a7a9de5cbfe0728b3aafa78427e"},
    {file = "pathlib2-2.3.4.tar.gz", hash = "sha256:446014523bb9be5c28128c4d2a10ad6bb60769e78bd85658fe44a450674e0ef8"},
]
pluggy = [
    {file = "pluggy-0.12.0-py2.py3-none-any.whl", hash = "sha256:b9817417e95936bf75d85d3f8767f7df6cdde751fc40aed3bb3074cbcb77757c"},
    {file = "pluggy-0.12.0.tar.gz", hash = "sha256:0825a152ac059776623854c1543d65a4ad408eb3d33ee114dff91e57ec6ae6fc"},
]
py = [
    {file = "py-1.11.0-py2.py3-none-any.whl", hash = "sha256:607c53218732647dff4acdfcd50cb62615cedf612e72d1724fb1a0cc6405b378"},
    {file = "py-1.11.0.tar.gz", hash = "sha256:51c75c4126074b472f746a24399ad32f6053d1b34b68d2fa41e558e6f4a98719"},
]
pycodestyle = [
    {file = "pycodestyle-2.5.0-py2.py3-none-any.whl", hash = "sha256:95a2219d12372f05704562a14ec30bc76b05a5b297b21a5dfe3f6fac3491ae56"},
    {file = "pycodestyle-2.5.0.tar.gz", hash = "sha256:e40a936c9a450ad81df37f549d676d127b1b66000a6c500caa2b085bc0ca976c"},
]
pyflakes = [
    {file = "pyflakes-2.1.1-py2.py3-none-any.whl", hash = "sha256:17dbeb2e3f4d772725c777fabc446d5634d1038f234e77343108ce445ea69ce0"},
    {file = "pyflakes-2.1.1.tar.gz", hash = "sha256:d976835886f8c5b31d47970ed689944a0262b5f3afa00a5a7b4dc81e5449f8a2"},
]
pyparsing = [
    {file = "pyparsing-2.4.2-py2.py3-none-any.whl", hash = "sha256:d9338df12903bbf5d65a0e4e87c2161968b10d2e489652bb47001d82a9b028b4"},
    {file = "pyparsing-2.4.2.tar.gz", hash = "sha256:6f98a7b9397e206d78cc01df10131398f1c8b8510a2f4d97d9abd82e1aacdd80"},
]
pytest = [
    {file = "pytest-4.6.5-py2.py3-none-any.whl", hash = "sha256:d100a02770f665f5dcf7e3f08202db29857fee6d15f34c942be0a511f39814f0"},
    {file = "pytest-4.6.5.tar.gz", hash = "sha256:8fc39199bdda3d9d025d3b1f4eb99a192c20828030ea7c9a0d2840721de7d347"},
]
pytest-cov = [
    {file = "pytest-cov-2.7.1.tar.gz", hash = "sha256:e00ea4fdde970725482f1f35630d12f074e121a23801aabf2ae154ec6bdd343a"},
    {file = "pytest_cov-2.7.1-py2.py3-none-any.whl", hash = "sha256:2b097cde81a302e1047331b48cadacf23577e431b61e9c6f49a1170bbe3d3da6"},
]
python-rapidjson = [
    {file = "python-rapidjson-0.7.2.tar.gz", hash = "sha256:7bf4c40ad402eacce5a4e80f4bfb39e38fa9662a95c2a58f3f497f590bfd1c7d"},
    {file = "python_rapidjson-0.7.2-cp34-cp34m-macosx_10_6_intel.whl", hash = "sha256:3e15b1fda6f8b4dc15528c473d1bdb178b942c260a7822f112292059228cf057"},
    {file = "python_rapidjson-0.7.2-cp34-cp34m-manylinux1_i686.whl", hash = "sha256:94a25d52c434439afb6a64930a4dd3ea85fbcbb164a7bddea3ade3552c7e877e"},
    {file = "python_rapidjson-0.7.2-cp34-cp34m-manylinux1_x86_64.whl", hash = "sha256:3656dba8038ec08fa6aec1ccb9b8b04e4f3d747c41ae2a63a3b40076653d7439"},
    {file = "python_rapidjson-0.7.2-cp34-cp34m-win32.whl", hash = "sha256:090a0c8604759a47db56fad0a7817eaa072bb7eb3aa76f71a4fa6c58c1302b74"},
    {file = "python_rapidjson-0.7.2-cp34-cp34m-win_amd64.whl", hash = "sha256:467ca7ee00f20683161c868ce16a3deb68b233a4a4fcc072b41f1cb7c89171f4"},
    {file = "python_rapidjson-0.7.2-cp35-cp35m-macosx_10_6_intel.whl", hash = "sha256:795e3a0fdaccbf229b7b2b78f2f2b83a6884a6f3690ae49e64e90465401b1a9b"},
    {file = "python_rapidjson-0.7.2-cp35-cp35m-manylinux1_i686.whl", hash = "sha256:6a09c0bb905fdc30527c0147ba530b26f3091ecdba19eb1aa4a6c0fcfa4230ee"},
    {file = "python_rapidjson-0.7.2-cp35-cp35m-manylinux1_x86_64.whl", hash = "sha256:c745bbac3047d9d2dd6dc55d7fdfc34bb08f40a1873ac8c8e2a5bf9a144fb1e5"},
    {file = "python_rapidjson-0.7.2-cp35-cp35m-win32.whl", hash = "sha256:2c639e8f064a1bfa8285fec1cd72361a5ccd8adc64497ab9f9e3799edbbc5694"},
    {file = "python_rapidjson-0.7.2-cp35-cp35m-win_amd64.whl", hash = "sha256:af97a0c37747bf9b9e0176394ebbfe2bb8543eecff91d38824dafbd27fef4a20"},
    {file = "python_rapidjson-0.7.2-cp36-cp36m-macosx_10_6_intel.whl", hash = "sha256:eaf930000666aabdb62253201f291406e1dc407655788d8074c91ba361fb1909"},
    {file = "python_rapidjson-0.7.2-cp36-cp36m-manylinux1_i686.whl", hash = "sha256:0d32c2b0f5fc2b29f8317ec77ae141655814fe151ef530adb007b33f8b48abdf"},
    {file = "python_rapidjson-0.7.2-cp36-cp36m-manylinux1_x86_64.whl", hash = "sha256:93804ffffda7bb7db43cd3d736623805adf147372eed4d10ce9464663881acf3"},
    {file = "python_rapidjson-0.7.2-cp36-cp36m-win32.whl", hash = "sha256:7d38228984ced0a95da469e5f77c5affb67fc6c6dd2214fd738af63d386fc48a"},
    {file = "python_rapidjson-0.7.2-cp36-cp36m-win_amd64.whl", hash = "sha256:fd665648dc3b4416ceafb7dc155061b639a350c28650b3d028f769a91184ce69"},
    {file = "python_rapidjson-0.7.2-cp37-cp37m-macosx_10_6_intel.whl", hash = "sha256:1a6e6e023a42b48f3a440723cca8cc16be3a5db9ea8f5c3e48aa63bc2d5fe79f"},
    {file = "python_rapidjson-0.7.2-cp37-cp37m-manylinux1_i686.whl", hash = "sha256:9c62b96d22203f58183e3cebdbcab407babbad13ed6ccc8b3fd461d9c475157f"},
    {file = "python_rapidjson-0.7.2-cp37-cp37m-manylinux1_x86_64.whl", hash = "sha256:0710751aaf31738c102f41af4330b62df8023914ce9481244a2b3cc964776ceb"},
    {file = "python_rapidjson-0.7.2-cp37-cp37m-win32.whl", hash = "sha256:14929156740a37bc3ec18aa6ac8b17013f4e9ecf2f2ac31267b8b4d601654ea4"},
    {file = "python_rapidjson-0.7.2-cp37-cp37m-win_amd64.whl", hash = "sha256:16d7cbf00709a8d849359fa41c5cd462354af1dea10d9e1fe6e2865c36d533ec"},
]
"ruamel.yaml" = [
    {file = "ruamel.yaml-0.15.100-cp27-cp27m-macosx_10_9_x86_64.whl", hash = "sha256:fc6471ef15b69e454cca82433ac5f84929d9f3e2d72b9e54b06850b6b7133cc0"},
    {file = "ruamel.yaml-0.15.100-cp27-cp27m-manylinux1_x86_64.whl", hash = "sha256:ab8eeca4de4decf0d0a42cb6949d354da9fc70a2d9201f0dd55186c599b2e3a5"},
    {file = "ruamel.yaml-0.15.100-cp27-cp27m-win32.whl", hash = "sha256:847177699994f9c31adf78d1ef1ff8f069ef0241e744a3ee8b30fbdaa914cc1e"},
    {file = "ruamel.yaml-0.15.100-cp27-cp27m-win_amd64.whl", hash = "sha256:92a8ca79f9173cca29ca9663b49d9c936aefc4c8a76f39318b0218c8f3626438"},
    {file = "ruamel.yaml-0.15.100-cp27-cp27mu-manylinux1_x86_64.whl", hash = "sha256:63dc8c6147a4cf77efadf2ae0f34e89e03de79289298bb941b7ae333d5d4020b"},
    {file = "ruamel.yaml-0.15.100-cp35-cp35m-macosx_10_6_intel.whl", hash = "sha256:ffc89770339191acbe5a15041950b5ad9daec7d659619b0ed9dad8c9c80c26f3"},
    {file = "ruamel.yaml-0.15.100-cp35-cp35m-manylinux1_x86_64.whl", hash = "sha256:7b750252e3d1ec5b53d03be508796c04a907060900c7d207280b7456650ebbfc"},
    {file = "ruamel.yaml-0.15.100-cp35-cp35m-win32.whl", hash = "sha256:44da2be1153e173f90ad8775d4ac4237a3c06cfbb9660c1c1980271621833faa"},
    {file = "ruamel.yaml-0.15.100-cp35-cp35m-win_amd64.whl", hash = "sha256:bd4b60b649f4a81086f70cd56eff4722018ef36a28094c396f1a53bf450bd579"},
    {file = "ruamel.yaml-0.15.100-cp36-cp36m-macosx_10_9_x86_64.whl", hash = "sha256:38718e69270141c403b5fc539f774ed394568f8a5195b507991f5b690356facb"},
    {file = "ruamel.yaml-0.15.100-cp36-cp36m-manylinux1_x86_64.whl", hash = "sha256:51d49c870aca850e652e2cd1c9bea9b52b77d13ad52b0556de496c1d264ea65f"},
    {file = "ruamel.yaml-0.15.100-cp36-cp36m-win32.whl", hash = "sha256:922d9e483c05d9000256640026f277fcc0c2e1e9271d05acada8e6cfb4c8b721"},
    {file = "ruamel.yaml-0.15.100-cp36-cp36m-win_amd64.whl", hash = "sha256:6b6025f9b6a557e15e9fdfda4d9af0b57cd8d59ff98e23a0097ab2d7c0540f07"},
    {file = "ruamel.yaml-0.15.100-cp37-cp37m-macosx_10_9_x86_64.whl", hash = "sha256:6672798c6b52a976a7b24e20665055852388c83198d88029d3c76e2197ac221a"},
    {file = "ruamel.yaml-0.15.100-cp37-cp37m-manylinux1_x86_64.whl", hash = "sha256:08aaaa74ff66565024ecabf9ba2db212712382a21c0458f9a91c623a1fa83b34"},
    {file = "ruamel.yaml-0.15.100-cp37-cp37m-win32.whl", hash = "sha256:23f2efb872d2ebe3d5428b4f1a8f30cbf59f56e780c4981c155411ee65572673"},
    {file = "ruamel.yaml-0.15.100-cp37-cp37m-win_amd64.whl", hash = "sha256:4b1674a936cdae9735578d4fd64bcbc6cfbb77a1a8f7037a50c6e3874ba4c9d8"},
    {file = "ruamel.yaml-0.15.100.tar.gz", hash = "sha256:8e42f3067a59e819935a2926e247170ed93c8f0b2ab64526f888e026854db2e4"},
]
six = [
    {file = "six-1.12.0-py2.py3-none-any.whl", hash = "sha256:3350809f0555b11f552448330d0b52d5f24c91a322ea4a15ef22629740f3761c"},
    {file = "six-1.12.0.tar.gz", hash = "sha256:d16a0141ec1a18405cd4ce8b4613101da75da0e9a7aec5bdd4fa804d0e0eba73"},
]
toml = [
    {file = "toml-0.10.0-py2.py3-none-any.whl", hash = "sha256:235682dd292d5899d361a811df37e04a8828a5b1da3115886b73cf81ebc9100e"},
    {file = "toml-0.10.0.tar.gz", hash = "sha256:229f81c57791a41d65e399fc06bf0848bab550a9dfd5ed66df18ce5f05e73d5c"},
]
tox = [
    {file = "tox-3.13.2-py2.py3-none-any.whl", hash = "sha256:dab0b0160dd187b654fc33d690ee1d7bf328bd5b8dc6ef3bb3cc468969c659ba"},
    {file = "tox-3.13.2.tar.gz", hash = "sha256:ee35ffce74933a6c6ac10c9a0182e41763140a5a5070e21b114feca56eaccdcd"},
]
virtualenv = [
    {file = "virtualenv-16.7.2-py2.py3-none-any.whl", hash = "sha256:6cb2e4c18d22dbbe283d0a0c31bb7d90771a606b2cb3415323eea008eaee6a9d"},
    {file = "virtualenv-16.7.2.tar.gz", hash = "sha256:909fe0d3f7c9151b2df0a2cb53e55bdb7b0d61469353ff7a49fd47b0f0ab9285"},
]
wcwidth = [
    {file = "wcwidth-0.1.7-py2.py3-none-any.whl", hash = "sha256:f4ebe71925af7b40a864553f761ed559b43544f8f71746c2d756c7fe788ade7c"},
    {file = "wcwidth-0.1.7.tar.gz", hash = "sha256:3df37372226d6e63e1b1e1eda15c594bca98a22d33a23832a90998faa96bc65e"},
]
zipp = [
    {file = "zipp-0.5.2-py2.py3-none-any.whl", hash = "sha256:8a5712cfd3bb4248015eb3b0b3c54a5f6ee3f2425963ef2a0125b8bc40aafaec"},
    {file = "zipp-0.5.2.tar.gz", hash = "sha256:4970c3758f4e89a7857a973b1e2a5d75bcdc47794442f2e2dd4fe8e0466e809a"},
]
